
Microsoft Visual Studio Solution File, Format Version 12.00
# Visual Studio Version 17
VisualStudioVersion = 17.11.35312.102
MinimumVisualStudioVersion = 10.0.40219.1
Project("{9A19103F-16F7-4668-BE54-9A1E7A4F7556}") = "AllBirds.Models", "AllBirds.Models\AllBirds.Models.csproj", "{8EE7FA14-F70F-4B24-BD8B-E9AEFB2DFFC2}"
EndProject
Project("{9A19103F-16F7-4668-BE54-9A1E7A4F7556}") = "AllBirds.Context", "AllBirds.Context\AllBirds.Context.csproj", "{805CD263-57EF-4264-8575-63977D2E694A}"
EndProject
Project("{9A19103F-16F7-4668-BE54-9A1E7A4F7556}") = "AllBirds.Infrastructure", "AllBirds.Infrastructure\AllBirds.Infrastructure.csproj", "{C7B5097C-F0A8-4812-ACD8-62D5508FAC1A}"
EndProject
Project("{9A19103F-16F7-4668-BE54-9A1E7A4F7556}") = "AllBirds.DTOs", "AllBirds.DTOs\AllBirds.DTOs.csproj", "{B84FF11A-51F0-48ED-8216-FE5A3F67501A}"
EndProject
Project("{9A19103F-16F7-4668-BE54-9A1E7A4F7556}") = "AllBirds.Application", "AllBirds.Application\AllBirds.Application.csproj", "{D31DEE9E-9A30-4A91-9C46-12F636840799}"
EndProject
Project("{9A19103F-16F7-4668-BE54-9A1E7A4F7556}") = "AllBirds.AdminDashboard", "AllBirds.AdminDashboard\AllBirds.AdminDashboard.csproj", "{94904E3E-2B54-4A8E-A46B-48C0BB405EB0}"
EndProject
Project("{FAE04EC0-301F-11D3-BF4B-00C04F79EFBC}") = "AllBirds.ClientWebsiteAPI", "AllBirds.ClientWebsiteAPI\AllBirds.ClientWebsiteAPI.csproj", "{3FB9145A-32A4-4287-81A5-01A4DCE870D0}"
EndProject
Global
	GlobalSection(SolutionConfigurationPlatforms) = preSolution
		Debug|Any CPU = Debug|Any CPU
		Release|Any CPU = Release|Any CPU
	EndGlobalSection
	GlobalSection(ProjectConfigurationPlatforms) = postSolution
		{8EE7FA14-F70F-4B24-BD8B-E9AEFB2DFFC2}.Debug|Any CPU.ActiveCfg = Debug|Any CPU
		{8EE7FA14-F70F-4B24-BD8B-E9AEFB2DFFC2}.Debug|Any CPU.Build.0 = Debug|Any CPU
		{8EE7FA14-F70F-4B24-BD8B-E9AEFB2DFFC2}.Release|Any CPU.ActiveCfg = Release|Any CPU
		{8EE7FA14-F70F-4B24-BD8B-E9AEFB2DFFC2}.Release|Any CPU.Build.0 = Release|Any CPU
		{805CD263-57EF-4264-8575-63977D2E694A}.Debug|Any CPU.ActiveCfg = Debug|Any CPU
		{805CD263-57EF-4264-8575-63977D2E694A}.Debug|Any CPU.Build.0 = Debug|Any CPU
		{805CD263-57EF-4264-8575-63977D2E694A}.Release|Any CPU.ActiveCfg = Release|Any CPU
		{805CD263-57EF-4264-8575-63977D2E694A}.Release|Any CPU.Build.0 = Release|Any CPU
		{C7B5097C-F0A8-4812-ACD8-62D5508FAC1A}.Debug|Any CPU.ActiveCfg = Debug|Any CPU
		{C7B5097C-F0A8-4812-ACD8-62D5508FAC1A}.Debug|Any CPU.Build.0 = Debug|Any CPU
		{C7B5097C-F0A8-4812-ACD8-62D5508FAC1A}.Release|Any CPU.ActiveCfg = Release|Any CPU
		{C7B5097C-F0A8-4812-ACD8-62D5508FAC1A}.Release|Any CPU.Build.0 = Release|Any CPU
		{B84FF11A-51F0-48ED-8216-FE5A3F67501A}.Debug|Any CPU.ActiveCfg = Debug|Any CPU
		{B84FF11A-51F0-48ED-8216-FE5A3F67501A}.Debug|Any CPU.Build.0 = Debug|Any CPU
		{B84FF11A-51F0-48ED-8216-FE5A3F67501A}.Release|Any CPU.ActiveCfg = Release|Any CPU
		{B84FF11A-51F0-48ED-8216-FE5A3F67501A}.Release|Any CPU.Build.0 = Release|Any CPU
		{D31DEE9E-9A30-4A91-9C46-12F636840799}.Debug|Any CPU.ActiveCfg = Debug|Any CPU
		{D31DEE9E-9A30-4A91-9C46-12F636840799}.Debug|Any CPU.Build.0 = Debug|Any CPU
		{D31DEE9E-9A30-4A91-9C46-12F636840799}.Release|Any CPU.ActiveCfg = Release|Any CPU
		{D31DEE9E-9A30-4A91-9C46-12F636840799}.Release|Any CPU.Build.0 = Release|Any CPU
		{94904E3E-2B54-4A8E-A46B-48C0BB405EB0}.Debug|Any CPU.ActiveCfg = Debug|Any CPU
		{94904E3E-2B54-4A8E-A46B-48C0BB405EB0}.Debug|Any CPU.Build.0 = Debug|Any CPU
		{94904E3E-2B54-4A8E-A46B-48C0BB405EB0}.Release|Any CPU.ActiveCfg = Release|Any CPU
		{94904E3E-2B54-4A8E-A46B-48C0BB405EB0}.Release|Any CPU.Build.0 = Release|Any CPU
		{3FB9145A-32A4-4287-81A5-01A4DCE870D0}.Debug|Any CPU.ActiveCfg = Debug|Any CPU
		{3FB9145A-32A4-4287-81A5-01A4DCE870D0}.Debug|Any CPU.Build.0 = Debug|Any CPU
		{3FB9145A-32A4-4287-81A5-01A4DCE870D0}.Release|Any CPU.ActiveCfg = Release|Any CPU
		{3FB9145A-32A4-4287-81A5-01A4DCE870D0}.Release|Any CPU.Build.0 = Release|Any CPU
	EndGlobalSection
	GlobalSection(SolutionProperties) = preSolution
		HideSolutionNode = FALSE
	EndGlobalSection
	GlobalSection(ExtensibilityGlobals) = postSolution
		SolutionGuid = {D7865BAC-A738-46C6-AE31-5C8AB105885D}
	EndGlobalSection
EndGlobal
